
Microsoft Visual Studio Solution File, Format Version 12.00
# Visual Studio Version 16
VisualStudioVersion = 16.0.29905.134
MinimumVisualStudioVersion = 10.0.40219.1
Project("{FAE04EC0-301F-11D3-BF4B-00C04F79EFBC}") = "Board", "Board\Board.csproj", "{98DEF72A-699F-4D34-9696-B631F37DE223}"
EndProject
Project("{FAE04EC0-301F-11D3-BF4B-00C04F79EFBC}") = "UtilLib", "UtilLib\UtilLib.csproj", "{B741128C-07BE-4116-BEAE-8EE64AD555A4}"
EndProject
Project("{FAE04EC0-301F-11D3-BF4B-00C04F79EFBC}") = "UtilLib.Test", "UtilLib.Test\UtilLib.Test.csproj", "{ACAD325D-8E74-4F6E-AC13-2DBB1E610FC4}"
EndProject
Global
	GlobalSection(SolutionConfigurationPlatforms) = preSolution
		Debug|Any CPU = Debug|Any CPU
		Release|Any CPU = Release|Any CPU
	EndGlobalSection
	GlobalSection(ProjectConfigurationPlatforms) = postSolution
		{98DEF72A-699F-4D34-9696-B631F37DE223}.Debug|Any CPU.ActiveCfg = Debug|Any CPU
		{98DEF72A-699F-4D34-9696-B631F37DE223}.Debug|Any CPU.Build.0 = Debug|Any CPU
		{98DEF72A-699F-4D34-9696-B631F37DE223}.Release|Any CPU.ActiveCfg = Release|Any CPU
		{98DEF72A-699F-4D34-9696-B631F37DE223}.Release|Any CPU.Build.0 = Release|Any CPU
		{B741128C-07BE-4116-BEAE-8EE64AD555A4}.Debug|Any CPU.ActiveCfg = Debug|Any CPU
		{B741128C-07BE-4116-BEAE-8EE64AD555A4}.Debug|Any CPU.Build.0 = Debug|Any CPU
		{B741128C-07BE-4116-BEAE-8EE64AD555A4}.Release|Any CPU.ActiveCfg = Release|Any CPU
		{B741128C-07BE-4116-BEAE-8EE64AD555A4}.Release|Any CPU.Build.0 = Release|Any CPU
		{ACAD325D-8E74-4F6E-AC13-2DBB1E610FC4}.Debug|Any CPU.ActiveCfg = Debug|Any CPU
		{ACAD325D-8E74-4F6E-AC13-2DBB1E610FC4}.Debug|Any CPU.Build.0 = Debug|Any CPU
		{ACAD325D-8E74-4F6E-AC13-2DBB1E610FC4}.Release|Any CPU.ActiveCfg = Release|Any CPU
		{ACAD325D-8E74-4F6E-AC13-2DBB1E610FC4}.Release|Any CPU.Build.0 = Release|Any CPU
	EndGlobalSection
	GlobalSection(SolutionProperties) = preSolution
		HideSolutionNode = FALSE
	EndGlobalSection
	GlobalSection(ExtensibilityGlobals) = postSolution
		SolutionGuid = {64B85D4B-D7E2-47A0-B308-16B8D986194C}
	EndGlobalSection
EndGlobal
